
Microsoft Visual Studio Solution File, Format Version 12.00
# Visual Studio 15
VisualStudioVersion = 15.0.28307.106
MinimumVisualStudioVersion = 10.0.40219.1
Project("{FAE04EC0-301F-11D3-BF4B-00C04F79EFBC}") = "Tips", "Tips\Tips.csproj", "{A8F11D9B-B1D3-49B1-BD36-0D2F5B33ADAF}"
EndProject
Global
	GlobalSection(SolutionConfigurationPlatforms) = preSolution
		Debug|Any CPU = Debug|Any CPU
		Release|Any CPU = Release|Any CPU
	EndGlobalSection
	GlobalSection(ProjectConfigurationPlatforms) = postSolution
		{A8F11D9B-B1D3-49B1-BD36-0D2F5B33ADAF}.Debug|Any CPU.ActiveCfg = Debug|Any CPU
		{A8F11D9B-B1D3-49B1-BD36-0D2F5B33ADAF}.Debug|Any CPU.Build.0 = Debug|Any CPU
		{A8F11D9B-B1D3-49B1-BD36-0D2F5B33ADAF}.Release|Any CPU.ActiveCfg = Release|Any CPU
		{A8F11D9B-B1D3-49B1-BD36-0D2F5B33ADAF}.Release|Any CPU.Build.0 = Release|Any CPU
	EndGlobalSection
	GlobalSection(SolutionProperties) = preSolution
		HideSolutionNode = FALSE
	EndGlobalSection
	GlobalSection(ExtensibilityGlobals) = postSolution
		SolutionGuid = {52E893F7-81FA-4E50-9344-6305551F5618}
	EndGlobalSection
EndGlobal
